
Microsoft Visual Studio Solution File, Format Version 12.00
# Visual Studio 2013
VisualStudioVersion = 12.0.30501.0
MinimumVisualStudioVersion = 10.0.40219.1
Project("{FAE04EC0-301F-11D3-BF4B-00C04F79EFBC}") = "RSSAgregator.Desktop", "RSSAgregator.Desktop.csproj", "{F0BD63E0-4A90-4B3F-94D7-E670C45A76EC}"
EndProject
Project("{FAE04EC0-301F-11D3-BF4B-00C04F79EFBC}") = "RSSAgregator.Mobile", "..\RSSAgregator.Mobile\RSSAgregator.Mobile.csproj", "{ADEAD07D-F27F-455A-8ECA-A0DEEE466941}"
EndProject
Project("{2150E333-8FDC-42A3-9474-1A3956D46DE8}") = "RSSAgregator", "RSSAgregator", "{46C11D31-9352-403E-A3D2-0D2347350250}"
EndProject
Project("{FAE04EC0-301F-11D3-BF4B-00C04F79EFBC}") = "RSSAgregator.Server", "..\RSSAgregator.Server\RSSAgregator.Server.csproj", "{D7826E79-7B58-4CB7-A9C3-F189EF6CD349}"
EndProject
Project("{FAE04EC0-301F-11D3-BF4B-00C04F79EFBC}") = "RSSAgregator.Server.Tests", "RSSAgregator.Server.Tests\RSSAgregator.Server.Tests.csproj", "{8B6312EF-EFD8-484B-933F-64D3AA406342}"
EndProject
Project("{2150E333-8FDC-42A3-9474-1A3956D46DE8}") = "PublishScripts", "PublishScripts", "{F996AF19-6677-4260-87C9-CA14AC4B422C}"
	ProjectSection(SolutionItems) = preProject
		PublishScripts\AzureWebsitePublishModule.psm1 = PublishScripts\AzureWebsitePublishModule.psm1
		PublishScripts\Publish-WebApplicationWebsite.ps1 = PublishScripts\Publish-WebApplicationWebsite.ps1
	EndProjectSection
EndProject
Project("{2150E333-8FDC-42A3-9474-1A3956D46DE8}") = "Configurations", "Configurations", "{DE85188C-FD8B-4C54-BD42-AA269101441D}"
	ProjectSection(SolutionItems) = preProject
		PublishScripts\Configurations\RSSAgregatorServer-WAWS-dev.json = PublishScripts\Configurations\RSSAgregatorServer-WAWS-dev.json
	EndProjectSection
EndProject
Project("{00D1A9C2-B5F0-4AF3-8072-F6C62B433612}") = "RSSAgregator.DatabaseScripts", "..\RSSAgregator.DatabaseScripts\RSSAgregator.DatabaseScripts.sqlproj", "{534E5A51-073A-4679-B883-C6894C7EE9D3}"
EndProject
Project("{FAE04EC0-301F-11D3-BF4B-00C04F79EFBC}") = "RSSAgregator.Database", "RSSAgregator.Database\RSSAgregator.Database.csproj", "{DEB10C0C-6DF0-4D0C-8153-51C758C0275B}"
EndProject
Project("{FAE04EC0-301F-11D3-BF4B-00C04F79EFBC}") = "RSSAgregator.Shared", "RSSAgregator.Shared\RSSAgregator.Shared.csproj", "{670DB2EB-557B-4C7C-94A2-CD1ECB69B340}"
EndProject
Project("{FAE04EC0-301F-11D3-BF4B-00C04F79EFBC}") = "RSSAgregator.Client.Tests", "..\RSSAgregator.Client.Tests\RSSAgregator.Client.Tests.csproj", "{C2DB2FED-ACB4-4632-9196-E7FC8C37EC19}"
EndProject
Project("{2150E333-8FDC-42A3-9474-1A3956D46DE8}") = ".nuget", ".nuget", "{087DBC78-B015-4C42-B9C1-855510B6B9F2}"
	ProjectSection(SolutionItems) = preProject
		.nuget\NuGet.Config = .nuget\NuGet.Config
		.nuget\NuGet.exe = .nuget\NuGet.exe
		.nuget\NuGet.targets = .nuget\NuGet.targets
	EndProjectSection
EndProject
Global
	GlobalSection(SolutionConfigurationPlatforms) = preSolution
		Debug|Any CPU = Debug|Any CPU
		Debug|ARM = Debug|ARM
		Debug|x86 = Debug|x86
		Release|Any CPU = Release|Any CPU
		Release|ARM = Release|ARM
		Release|x86 = Release|x86
	EndGlobalSection
	GlobalSection(ProjectConfigurationPlatforms) = postSolution
		{F0BD63E0-4A90-4B3F-94D7-E670C45A76EC}.Debug|Any CPU.ActiveCfg = Debug|Any CPU
		{F0BD63E0-4A90-4B3F-94D7-E670C45A76EC}.Debug|Any CPU.Build.0 = Debug|Any CPU
		{F0BD63E0-4A90-4B3F-94D7-E670C45A76EC}.Debug|ARM.ActiveCfg = Debug|Any CPU
		{F0BD63E0-4A90-4B3F-94D7-E670C45A76EC}.Debug|x86.ActiveCfg = Debug|Any CPU
		{F0BD63E0-4A90-4B3F-94D7-E670C45A76EC}.Release|Any CPU.ActiveCfg = Release|Any CPU
		{F0BD63E0-4A90-4B3F-94D7-E670C45A76EC}.Release|Any CPU.Build.0 = Release|Any CPU
		{F0BD63E0-4A90-4B3F-94D7-E670C45A76EC}.Release|ARM.ActiveCfg = Release|Any CPU
		{F0BD63E0-4A90-4B3F-94D7-E670C45A76EC}.Release|x86.ActiveCfg = Release|Any CPU
		{ADEAD07D-F27F-455A-8ECA-A0DEEE466941}.Debug|Any CPU.ActiveCfg = Debug|Any CPU
		{ADEAD07D-F27F-455A-8ECA-A0DEEE466941}.Debug|Any CPU.Build.0 = Debug|Any CPU
		{ADEAD07D-F27F-455A-8ECA-A0DEEE466941}.Debug|Any CPU.Deploy.0 = Debug|Any CPU
		{ADEAD07D-F27F-455A-8ECA-A0DEEE466941}.Debug|ARM.ActiveCfg = Debug|ARM
		{ADEAD07D-F27F-455A-8ECA-A0DEEE466941}.Debug|ARM.Build.0 = Debug|ARM
		{ADEAD07D-F27F-455A-8ECA-A0DEEE466941}.Debug|ARM.Deploy.0 = Debug|ARM
		{ADEAD07D-F27F-455A-8ECA-A0DEEE466941}.Debug|x86.ActiveCfg = Debug|x86
		{ADEAD07D-F27F-455A-8ECA-A0DEEE466941}.Debug|x86.Build.0 = Debug|x86
		{ADEAD07D-F27F-455A-8ECA-A0DEEE466941}.Debug|x86.Deploy.0 = Debug|x86
		{ADEAD07D-F27F-455A-8ECA-A0DEEE466941}.Release|Any CPU.ActiveCfg = Release|Any CPU
		{ADEAD07D-F27F-455A-8ECA-A0DEEE466941}.Release|Any CPU.Build.0 = Release|Any CPU
		{ADEAD07D-F27F-455A-8ECA-A0DEEE466941}.Release|Any CPU.Deploy.0 = Release|Any CPU
		{ADEAD07D-F27F-455A-8ECA-A0DEEE466941}.Release|ARM.ActiveCfg = Release|ARM
		{ADEAD07D-F27F-455A-8ECA-A0DEEE466941}.Release|ARM.Build.0 = Release|ARM
		{ADEAD07D-F27F-455A-8ECA-A0DEEE466941}.Release|ARM.Deploy.0 = Release|ARM
		{ADEAD07D-F27F-455A-8ECA-A0DEEE466941}.Release|x86.ActiveCfg = Release|x86
		{ADEAD07D-F27F-455A-8ECA-A0DEEE466941}.Release|x86.Build.0 = Release|x86
		{ADEAD07D-F27F-455A-8ECA-A0DEEE466941}.Release|x86.Deploy.0 = Release|x86
		{D7826E79-7B58-4CB7-A9C3-F189EF6CD349}.Debug|Any CPU.ActiveCfg = Debug|Any CPU
		{D7826E79-7B58-4CB7-A9C3-F189EF6CD349}.Debug|Any CPU.Build.0 = Debug|Any CPU
		{D7826E79-7B58-4CB7-A9C3-F189EF6CD349}.Debug|ARM.ActiveCfg = Debug|Any CPU
		{D7826E79-7B58-4CB7-A9C3-F189EF6CD349}.Debug|x86.ActiveCfg = Debug|Any CPU
		{D7826E79-7B58-4CB7-A9C3-F189EF6CD349}.Release|Any CPU.ActiveCfg = Release|Any CPU
		{D7826E79-7B58-4CB7-A9C3-F189EF6CD349}.Release|Any CPU.Build.0 = Release|Any CPU
		{D7826E79-7B58-4CB7-A9C3-F189EF6CD349}.Release|ARM.ActiveCfg = Release|Any CPU
		{D7826E79-7B58-4CB7-A9C3-F189EF6CD349}.Release|x86.ActiveCfg = Release|Any CPU
		{8B6312EF-EFD8-484B-933F-64D3AA406342}.Debug|Any CPU.ActiveCfg = Debug|Any CPU
		{8B6312EF-EFD8-484B-933F-64D3AA406342}.Debug|Any CPU.Build.0 = Debug|Any CPU
		{8B6312EF-EFD8-484B-933F-64D3AA406342}.Debug|ARM.ActiveCfg = Debug|Any CPU
		{8B6312EF-EFD8-484B-933F-64D3AA406342}.Debug|x86.ActiveCfg = Debug|Any CPU
		{8B6312EF-EFD8-484B-933F-64D3AA406342}.Release|Any CPU.ActiveCfg = Release|Any CPU
		{8B6312EF-EFD8-484B-933F-64D3AA406342}.Release|Any CPU.Build.0 = Release|Any CPU
		{8B6312EF-EFD8-484B-933F-64D3AA406342}.Release|ARM.ActiveCfg = Release|Any CPU
		{8B6312EF-EFD8-484B-933F-64D3AA406342}.Release|x86.ActiveCfg = Release|Any CPU
		{534E5A51-073A-4679-B883-C6894C7EE9D3}.Debug|Any CPU.ActiveCfg = Debug|Any CPU
		{534E5A51-073A-4679-B883-C6894C7EE9D3}.Debug|Any CPU.Build.0 = Debug|Any CPU
		{534E5A51-073A-4679-B883-C6894C7EE9D3}.Debug|Any CPU.Deploy.0 = Debug|Any CPU
		{534E5A51-073A-4679-B883-C6894C7EE9D3}.Debug|ARM.ActiveCfg = Debug|Any CPU
		{534E5A51-073A-4679-B883-C6894C7EE9D3}.Debug|x86.ActiveCfg = Debug|Any CPU
		{534E5A51-073A-4679-B883-C6894C7EE9D3}.Release|Any CPU.ActiveCfg = Release|Any CPU
		{534E5A51-073A-4679-B883-C6894C7EE9D3}.Release|Any CPU.Build.0 = Release|Any CPU
		{534E5A51-073A-4679-B883-C6894C7EE9D3}.Release|Any CPU.Deploy.0 = Release|Any CPU
		{534E5A51-073A-4679-B883-C6894C7EE9D3}.Release|ARM.ActiveCfg = Release|Any CPU
		{534E5A51-073A-4679-B883-C6894C7EE9D3}.Release|x86.ActiveCfg = Release|Any CPU
		{DEB10C0C-6DF0-4D0C-8153-51C758C0275B}.Debug|Any CPU.ActiveCfg = Debug|Any CPU
		{DEB10C0C-6DF0-4D0C-8153-51C758C0275B}.Debug|Any CPU.Build.0 = Debug|Any CPU
		{DEB10C0C-6DF0-4D0C-8153-51C758C0275B}.Debug|ARM.ActiveCfg = Debug|Any CPU
		{DEB10C0C-6DF0-4D0C-8153-51C758C0275B}.Debug|x86.ActiveCfg = Debug|Any CPU
		{DEB10C0C-6DF0-4D0C-8153-51C758C0275B}.Release|Any CPU.ActiveCfg = Release|Any CPU
		{DEB10C0C-6DF0-4D0C-8153-51C758C0275B}.Release|Any CPU.Build.0 = Release|Any CPU
		{DEB10C0C-6DF0-4D0C-8153-51C758C0275B}.Release|ARM.ActiveCfg = Release|Any CPU
		{DEB10C0C-6DF0-4D0C-8153-51C758C0275B}.Release|x86.ActiveCfg = Release|Any CPU
		{670DB2EB-557B-4C7C-94A2-CD1ECB69B340}.Debug|Any CPU.ActiveCfg = Debug|Any CPU
		{670DB2EB-557B-4C7C-94A2-CD1ECB69B340}.Debug|Any CPU.Build.0 = Debug|Any CPU
		{670DB2EB-557B-4C7C-94A2-CD1ECB69B340}.Debug|ARM.ActiveCfg = Debug|Any CPU
		{670DB2EB-557B-4C7C-94A2-CD1ECB69B340}.Debug|x86.ActiveCfg = Debug|Any CPU
		{670DB2EB-557B-4C7C-94A2-CD1ECB69B340}.Release|Any CPU.ActiveCfg = Release|Any CPU
		{670DB2EB-557B-4C7C-94A2-CD1ECB69B340}.Release|Any CPU.Build.0 = Release|Any CPU
		{670DB2EB-557B-4C7C-94A2-CD1ECB69B340}.Release|ARM.ActiveCfg = Release|Any CPU
		{670DB2EB-557B-4C7C-94A2-CD1ECB69B340}.Release|x86.ActiveCfg = Release|Any CPU
		{C2DB2FED-ACB4-4632-9196-E7FC8C37EC19}.Debug|Any CPU.ActiveCfg = Debug|Any CPU
		{C2DB2FED-ACB4-4632-9196-E7FC8C37EC19}.Debug|Any CPU.Build.0 = Debug|Any CPU
		{C2DB2FED-ACB4-4632-9196-E7FC8C37EC19}.Debug|ARM.ActiveCfg = Debug|Any CPU
		{C2DB2FED-ACB4-4632-9196-E7FC8C37EC19}.Debug|x86.ActiveCfg = Debug|Any CPU
		{C2DB2FED-ACB4-4632-9196-E7FC8C37EC19}.Release|Any CPU.ActiveCfg = Release|Any CPU
		{C2DB2FED-ACB4-4632-9196-E7FC8C37EC19}.Release|Any CPU.Build.0 = Release|Any CPU
		{C2DB2FED-ACB4-4632-9196-E7FC8C37EC19}.Release|ARM.ActiveCfg = Release|Any CPU
		{C2DB2FED-ACB4-4632-9196-E7FC8C37EC19}.Release|x86.ActiveCfg = Release|Any CPU
	EndGlobalSection
	GlobalSection(SolutionProperties) = preSolution
		HideSolutionNode = FALSE
	EndGlobalSection
	GlobalSection(NestedProjects) = preSolution
		{F0BD63E0-4A90-4B3F-94D7-E670C45A76EC} = {46C11D31-9352-403E-A3D2-0D2347350250}
		{ADEAD07D-F27F-455A-8ECA-A0DEEE466941} = {46C11D31-9352-403E-A3D2-0D2347350250}
		{D7826E79-7B58-4CB7-A9C3-F189EF6CD349} = {46C11D31-9352-403E-A3D2-0D2347350250}
		{8B6312EF-EFD8-484B-933F-64D3AA406342} = {46C11D31-9352-403E-A3D2-0D2347350250}
		{DE85188C-FD8B-4C54-BD42-AA269101441D} = {F996AF19-6677-4260-87C9-CA14AC4B422C}
		{534E5A51-073A-4679-B883-C6894C7EE9D3} = {46C11D31-9352-403E-A3D2-0D2347350250}
		{DEB10C0C-6DF0-4D0C-8153-51C758C0275B} = {46C11D31-9352-403E-A3D2-0D2347350250}
		{670DB2EB-557B-4C7C-94A2-CD1ECB69B340} = {46C11D31-9352-403E-A3D2-0D2347350250}
		{C2DB2FED-ACB4-4632-9196-E7FC8C37EC19} = {46C11D31-9352-403E-A3D2-0D2347350250}
	EndGlobalSection
EndGlobal
